
Microsoft Visual Studio Solution File, Format Version 12.00
# Visual Studio Version 17
VisualStudioVersion = 17.10.35013.160
MinimumVisualStudioVersion = 10.0.40219.1
Project("{FAE04EC0-301F-11D3-BF4B-00C04F79EFBC}") = "WWEat", "WWEat\WWEat.csproj", "{DA45742A-644A-4EC0-B5DF-CD516DB66ECF}"
EndProject
Global
	GlobalSection(SolutionConfigurationPlatforms) = preSolution
		Debug|Any CPU = Debug|Any CPU
		Release|Any CPU = Release|Any CPU
	EndGlobalSection
	GlobalSection(ProjectConfigurationPlatforms) = postSolution
		{DA45742A-644A-4EC0-B5DF-CD516DB66ECF}.Debug|Any CPU.ActiveCfg = Debug|Any CPU
		{DA45742A-644A-4EC0-B5DF-CD516DB66ECF}.Debug|Any CPU.Build.0 = Debug|Any CPU
		{DA45742A-644A-4EC0-B5DF-CD516DB66ECF}.Release|Any CPU.ActiveCfg = Release|Any CPU
		{DA45742A-644A-4EC0-B5DF-CD516DB66ECF}.Release|Any CPU.Build.0 = Release|Any CPU
	EndGlobalSection
	GlobalSection(SolutionProperties) = preSolution
		HideSolutionNode = FALSE
	EndGlobalSection
	GlobalSection(ExtensibilityGlobals) = postSolution
		SolutionGuid = {34CE4395-4CBE-4F4F-A086-B8DFBA714116}
	EndGlobalSection
EndGlobal
